
Microsoft Visual Studio Solution File, Format Version 12.00
# Visual Studio Version 16
VisualStudioVersion = 16.0.29215.179
MinimumVisualStudioVersion = 10.0.40219.1
Project("{FAE04EC0-301F-11D3-BF4B-00C04F79EFBC}") = "EuroDrollarConverter", "EuroDrollarConverter\EuroDrollarConverter.csproj", "{5D065047-C235-46D6-9595-B7C679A6CB59}"
EndProject
Global
	GlobalSection(SolutionConfigurationPlatforms) = preSolution
		Debug|Any CPU = Debug|Any CPU
		Release|Any CPU = Release|Any CPU
	EndGlobalSection
	GlobalSection(ProjectConfigurationPlatforms) = postSolution
		{5D065047-C235-46D6-9595-B7C679A6CB59}.Debug|Any CPU.ActiveCfg = Debug|Any CPU
		{5D065047-C235-46D6-9595-B7C679A6CB59}.Debug|Any CPU.Build.0 = Debug|Any CPU
		{5D065047-C235-46D6-9595-B7C679A6CB59}.Release|Any CPU.ActiveCfg = Release|Any CPU
		{5D065047-C235-46D6-9595-B7C679A6CB59}.Release|Any CPU.Build.0 = Release|Any CPU
	EndGlobalSection
	GlobalSection(SolutionProperties) = preSolution
		HideSolutionNode = FALSE
	EndGlobalSection
	GlobalSection(ExtensibilityGlobals) = postSolution
		SolutionGuid = {6BE80F35-65EF-40A1-9D00-CDBD92995AEA}
	EndGlobalSection
EndGlobal
