
Microsoft Visual Studio Solution File, Format Version 12.00
# Visual Studio Version 16
VisualStudioVersion = 16.0.29215.179
MinimumVisualStudioVersion = 10.0.40219.1
Project("{FAE04EC0-301F-11D3-BF4B-00C04F79EFBC}") = "KillerApp Quiz", "KillerApp Quiz\KillerApp Quiz.csproj", "{0ABFC4BD-857B-4F8F-B1EE-A6695618D3A8}"
EndProject
Global
	GlobalSection(SolutionConfigurationPlatforms) = preSolution
		Debug|Any CPU = Debug|Any CPU
		Release|Any CPU = Release|Any CPU
	EndGlobalSection
	GlobalSection(ProjectConfigurationPlatforms) = postSolution
		{0ABFC4BD-857B-4F8F-B1EE-A6695618D3A8}.Debug|Any CPU.ActiveCfg = Debug|Any CPU
		{0ABFC4BD-857B-4F8F-B1EE-A6695618D3A8}.Debug|Any CPU.Build.0 = Debug|Any CPU
		{0ABFC4BD-857B-4F8F-B1EE-A6695618D3A8}.Release|Any CPU.ActiveCfg = Release|Any CPU
		{0ABFC4BD-857B-4F8F-B1EE-A6695618D3A8}.Release|Any CPU.Build.0 = Release|Any CPU
	EndGlobalSection
	GlobalSection(SolutionProperties) = preSolution
		HideSolutionNode = FALSE
	EndGlobalSection
	GlobalSection(ExtensibilityGlobals) = postSolution
		SolutionGuid = {21EEAB70-5BF7-4C45-A74E-BBA7360EF888}
	EndGlobalSection
EndGlobal
